// !$*UTF8*$!
{
	archiveVersion = 1;
	classes = {
	};
	objectVersion = 50;
	objects = {

/* Begin PBXBuildFile section */
		40694A0E2463490200CD5081 /* SRDCountriesListViewController.swift in Sources */ = {isa = PBXBuildFile; fileRef = 40694A0D2463490200CD5081 /* SRDCountriesListViewController.swift */; };
		40694A102463494A00CD5081 /* Main.storyboard in Resources */ = {isa = PBXBuildFile; fileRef = 40694A0F2463494A00CD5081 /* Main.storyboard */; };
		40694A1224634C5300CD5081 /* SRDStatesListViewController.swift in Sources */ = {isa = PBXBuildFile; fileRef = 40694A1124634C5300CD5081 /* SRDStatesListViewController.swift */; };
		40694A1424634C5A00CD5081 /* SRDCitiesListViewController.swift in Sources */ = {isa = PBXBuildFile; fileRef = 40694A1324634C5A00CD5081 /* SRDCitiesListViewController.swift */; };
		40694A1624634C6200CD5081 /* SRDCityDetailViewController.swift in Sources */ = {isa = PBXBuildFile; fileRef = 40694A1524634C6200CD5081 /* SRDCityDetailViewController.swift */; };
		40EB2FA824632DC90084985E /* SRDAirController.m in Sources */ = {isa = PBXBuildFile; fileRef = 40EB2FA724632DC90084985E /* SRDAirController.m */; };
		40EB2FAB24632EB00084985E /* SRDCityAirQuality.m in Sources */ = {isa = PBXBuildFile; fileRef = 40EB2FAA24632EB00084985E /* SRDCityAirQuality.m */; };
		40EB2FAE24632FDE0084985E /* SRDWeather.m in Sources */ = {isa = PBXBuildFile; fileRef = 40EB2FAD24632FDE0084985E /* SRDWeather.m */; };
		40EB2FB124632FE80084985E /* SRDPollution.m in Sources */ = {isa = PBXBuildFile; fileRef = 40EB2FB024632FE80084985E /* SRDPollution.m */; };
		620C4FC02385DBF6001500FE /* AppDelegate.m in Sources */ = {isa = PBXBuildFile; fileRef = 620C4FBF2385DBF6001500FE /* AppDelegate.m */; };
		620C4FC32385DBF6001500FE /* SceneDelegate.m in Sources */ = {isa = PBXBuildFile; fileRef = 620C4FC22385DBF6001500FE /* SceneDelegate.m */; };
		620C4FCB2385DBF9001500FE /* Assets.xcassets in Resources */ = {isa = PBXBuildFile; fileRef = 620C4FCA2385DBF9001500FE /* Assets.xcassets */; };
		620C4FCE2385DBF9001500FE /* LaunchScreen.storyboard in Resources */ = {isa = PBXBuildFile; fileRef = 620C4FCC2385DBF9001500FE /* LaunchScreen.storyboard */; };
		620C4FD12385DBF9001500FE /* main.m in Sources */ = {isa = PBXBuildFile; fileRef = 620C4FD02385DBF9001500FE /* main.m */; };
/* End PBXBuildFile section */

/* Begin PBXFileReference section */
		40694A0C2463490200CD5081 /* AirQuality ObjC-Bridging-Header.h */ = {isa = PBXFileReference; lastKnownFileType = sourcecode.c.h; path = "AirQuality ObjC-Bridging-Header.h"; sourceTree = "<group>"; };
		40694A0D2463490200CD5081 /* SRDCountriesListViewController.swift */ = {isa = PBXFileReference; lastKnownFileType = sourcecode.swift; path = SRDCountriesListViewController.swift; sourceTree = "<group>"; };
		40694A0F2463494A00CD5081 /* Main.storyboard */ = {isa = PBXFileReference; lastKnownFileType = file.storyboard; path = Main.storyboard; sourceTree = "<group>"; };
		40694A1124634C5300CD5081 /* SRDStatesListViewController.swift */ = {isa = PBXFileReference; lastKnownFileType = sourcecode.swift; path = SRDStatesListViewController.swift; sourceTree = "<group>"; };
		40694A1324634C5A00CD5081 /* SRDCitiesListViewController.swift */ = {isa = PBXFileReference; lastKnownFileType = sourcecode.swift; path = SRDCitiesListViewController.swift; sourceTree = "<group>"; };
		40694A1524634C6200CD5081 /* SRDCityDetailViewController.swift */ = {isa = PBXFileReference; lastKnownFileType = sourcecode.swift; path = SRDCityDetailViewController.swift; sourceTree = "<group>"; };
		40EB2FA624632DC90084985E /* SRDAirController.h */ = {isa = PBXFileReference; lastKnownFileType = sourcecode.c.h; path = SRDAirController.h; sourceTree = "<group>"; };
		40EB2FA724632DC90084985E /* SRDAirController.m */ = {isa = PBXFileReference; lastKnownFileType = sourcecode.c.objc; path = SRDAirController.m; sourceTree = "<group>"; };
		40EB2FA924632EB00084985E /* SRDCityAirQuality.h */ = {isa = PBXFileReference; lastKnownFileType = sourcecode.c.h; path = SRDCityAirQuality.h; sourceTree = "<group>"; };
		40EB2FAA24632EB00084985E /* SRDCityAirQuality.m */ = {isa = PBXFileReference; lastKnownFileType = sourcecode.c.objc; path = SRDCityAirQuality.m; sourceTree = "<group>"; };
		40EB2FAC24632FDE0084985E /* SRDWeather.h */ = {isa = PBXFileReference; lastKnownFileType = sourcecode.c.h; path = SRDWeather.h; sourceTree = "<group>"; };
		40EB2FAD24632FDE0084985E /* SRDWeather.m */ = {isa = PBXFileReference; lastKnownFileType = sourcecode.c.objc; path = SRDWeather.m; sourceTree = "<group>"; };
		40EB2FAF24632FE80084985E /* SRDPollution.h */ = {isa = PBXFileReference; lastKnownFileType = sourcecode.c.h; path = SRDPollution.h; sourceTree = "<group>"; };
		40EB2FB024632FE80084985E /* SRDPollution.m */ = {isa = PBXFileReference; lastKnownFileType = sourcecode.c.objc; path = SRDPollution.m; sourceTree = "<group>"; };
		620C4FBB2385DBF6001500FE /* AirQuality ObjC.app */ = {isa = PBXFileReference; explicitFileType = wrapper.application; includeInIndex = 0; path = "AirQuality ObjC.app"; sourceTree = BUILT_PRODUCTS_DIR; };
		620C4FBE2385DBF6001500FE /* AppDelegate.h */ = {isa = PBXFileReference; lastKnownFileType = sourcecode.c.h; path = AppDelegate.h; sourceTree = "<group>"; };
		620C4FBF2385DBF6001500FE /* AppDelegate.m */ = {isa = PBXFileReference; lastKnownFileType = sourcecode.c.objc; path = AppDelegate.m; sourceTree = "<group>"; };
		620C4FC12385DBF6001500FE /* SceneDelegate.h */ = {isa = PBXFileReference; lastKnownFileType = sourcecode.c.h; path = SceneDelegate.h; sourceTree = "<group>"; };
		620C4FC22385DBF6001500FE /* SceneDelegate.m */ = {isa = PBXFileReference; lastKnownFileType = sourcecode.c.objc; path = SceneDelegate.m; sourceTree = "<group>"; };
		620C4FCA2385DBF9001500FE /* Assets.xcassets */ = {isa = PBXFileReference; lastKnownFileType = folder.assetcatalog; path = Assets.xcassets; sourceTree = "<group>"; };
		620C4FCD2385DBF9001500FE /* Base */ = {isa = PBXFileReference; lastKnownFileType = file.storyboard; name = Base; path = Base.lproj/LaunchScreen.storyboard; sourceTree = "<group>"; };
		620C4FCF2385DBF9001500FE /* Info.plist */ = {isa = PBXFileReference; lastKnownFileType = text.plist.xml; path = Info.plist; sourceTree = "<group>"; };
		620C4FD02385DBF9001500FE /* main.m */ = {isa = PBXFileReference; lastKnownFileType = sourcecode.c.objc; path = main.m; sourceTree = "<group>"; };
/* End PBXFileReference section */

/* Begin PBXFrameworksBuildPhase section */
		620C4FB82385DBF6001500FE /* Frameworks */ = {
			isa = PBXFrameworksBuildPhase;
			buildActionMask = 2147483647;
			files = (
			);
			runOnlyForDeploymentPostprocessing = 0;
		};
/* End PBXFrameworksBuildPhase section */

/* Begin PBXGroup section */
		40EB2FA024632C400084985E /* Controllers */ = {
			isa = PBXGroup;
			children = (
				40EB2FA424632C510084985E /* Model Controller */,
				40EB2FA324632C490084985E /* View Controllers */,
			);
			path = Controllers;
			sourceTree = "<group>";
		};
		40EB2FA124632C440084985E /* View */ = {
			isa = PBXGroup;
			children = (
				40694A0F2463494A00CD5081 /* Main.storyboard */,
			);
			path = View;
			sourceTree = "<group>";
		};
		40EB2FA224632C470084985E /* Models */ = {
			isa = PBXGroup;
			children = (
				40EB2FA924632EB00084985E /* SRDCityAirQuality.h */,
				40EB2FAA24632EB00084985E /* SRDCityAirQuality.m */,
				40EB2FAC24632FDE0084985E /* SRDWeather.h */,
				40EB2FAD24632FDE0084985E /* SRDWeather.m */,
				40EB2FAF24632FE80084985E /* SRDPollution.h */,
				40EB2FB024632FE80084985E /* SRDPollution.m */,
			);
			path = Models;
			sourceTree = "<group>";
		};
		40EB2FA324632C490084985E /* View Controllers */ = {
			isa = PBXGroup;
			children = (
				40694A0D2463490200CD5081 /* SRDCountriesListViewController.swift */,
				40694A1124634C5300CD5081 /* SRDStatesListViewController.swift */,
				40694A1324634C5A00CD5081 /* SRDCitiesListViewController.swift */,
				40694A1524634C6200CD5081 /* SRDCityDetailViewController.swift */,
			);
			path = "View Controllers";
			sourceTree = "<group>";
		};
		40EB2FA424632C510084985E /* Model Controller */ = {
			isa = PBXGroup;
			children = (
				40EB2FA624632DC90084985E /* SRDAirController.h */,
				40EB2FA724632DC90084985E /* SRDAirController.m */,
			);
			path = "Model Controller";
			sourceTree = "<group>";
		};
		620C4FB22385DBF6001500FE = {
			isa = PBXGroup;
			children = (
				620C4FBD2385DBF6001500FE /* AirQuality ObjC */,
				620C4FBC2385DBF6001500FE /* Products */,
			);
			sourceTree = "<group>";
		};
		620C4FBC2385DBF6001500FE /* Products */ = {
			isa = PBXGroup;
			children = (
				620C4FBB2385DBF6001500FE /* AirQuality ObjC.app */,
			);
			name = Products;
			sourceTree = "<group>";
		};
		620C4FBD2385DBF6001500FE /* AirQuality ObjC */ = {
			isa = PBXGroup;
			children = (
				40EB2FA224632C470084985E /* Models */,
				40EB2FA124632C440084985E /* View */,
				40EB2FA024632C400084985E /* Controllers */,
				620C4FD72385DDA8001500FE /* Resources */,
			);
			path = "AirQuality ObjC";
			sourceTree = "<group>";
		};
		620C4FD72385DDA8001500FE /* Resources */ = {
			isa = PBXGroup;
			children = (
				40694A0C2463490200CD5081 /* AirQuality ObjC-Bridging-Header.h */,
				620C4FBE2385DBF6001500FE /* AppDelegate.h */,
				620C4FBF2385DBF6001500FE /* AppDelegate.m */,
				620C4FC12385DBF6001500FE /* SceneDelegate.h */,
				620C4FC22385DBF6001500FE /* SceneDelegate.m */,
				620C4FCA2385DBF9001500FE /* Assets.xcassets */,
				620C4FCC2385DBF9001500FE /* LaunchScreen.storyboard */,
				620C4FCF2385DBF9001500FE /* Info.plist */,
				620C4FD02385DBF9001500FE /* main.m */,
			);
			path = Resources;
			sourceTree = "<group>";
		};
/* End PBXGroup section */

/* Begin PBXNativeTarget section */
		620C4FBA2385DBF6001500FE /* AirQuality ObjC */ = {
			isa = PBXNativeTarget;
			buildConfigurationList = 620C4FD42385DBF9001500FE /* Build configuration list for PBXNativeTarget "AirQuality ObjC" */;
			buildPhases = (
				620C4FB72385DBF6001500FE /* Sources */,
				620C4FB82385DBF6001500FE /* Frameworks */,
				620C4FB92385DBF6001500FE /* Resources */,
			);
			buildRules = (
			);
			dependencies = (
			);
			name = "AirQuality ObjC";
			productName = "AirQuality ObjC";
			productReference = 620C4FBB2385DBF6001500FE /* AirQuality ObjC.app */;
			productType = "com.apple.product-type.application";
		};
/* End PBXNativeTarget section */

/* Begin PBXProject section */
		620C4FB32385DBF6001500FE /* Project object */ = {
			isa = PBXProject;
			attributes = {
				CLASSPREFIX = SRD;
				LastUpgradeCheck = 1120;
				ORGANIZATIONNAME = "RYAN GREENBURG";
				TargetAttributes = {
					620C4FBA2385DBF6001500FE = {
						CreatedOnToolsVersion = 11.2.1;
						LastSwiftMigration = 1140;
					};
				};
			};
			buildConfigurationList = 620C4FB62385DBF6001500FE /* Build configuration list for PBXProject "AirQuality ObjC" */;
			compatibilityVersion = "Xcode 9.3";
			developmentRegion = en;
			hasScannedForEncodings = 0;
			knownRegions = (
				en,
				Base,
			);
			mainGroup = 620C4FB22385DBF6001500FE;
			productRefGroup = 620C4FBC2385DBF6001500FE /* Products */;
			projectDirPath = "";
			projectRoot = "";
			targets = (
				620C4FBA2385DBF6001500FE /* AirQuality ObjC */,
			);
		};
/* End PBXProject section */

/* Begin PBXResourcesBuildPhase section */
		620C4FB92385DBF6001500FE /* Resources */ = {
			isa = PBXResourcesBuildPhase;
			buildActionMask = 2147483647;
			files = (
				40694A102463494A00CD5081 /* Main.storyboard in Resources */,
				620C4FCE2385DBF9001500FE /* LaunchScreen.storyboard in Resources */,
				620C4FCB2385DBF9001500FE /* Assets.xcassets in Resources */,
			);
			runOnlyForDeploymentPostprocessing = 0;
		};
/* End PBXResourcesBuildPhase section */

/* Begin PBXSourcesBuildPhase section */
		620C4FB72385DBF6001500FE /* Sources */ = {
			isa = PBXSourcesBuildPhase;
			buildActionMask = 2147483647;
			files = (
				40EB2FAB24632EB00084985E /* SRDCityAirQuality.m in Sources */,
				620C4FC02385DBF6001500FE /* AppDelegate.m in Sources */,
				40694A1624634C6200CD5081 /* SRDCityDetailViewController.swift in Sources */,
				40EB2FAE24632FDE0084985E /* SRDWeather.m in Sources */,
				620C4FD12385DBF9001500FE /* main.m in Sources */,
				40EB2FA824632DC90084985E /* SRDAirController.m in Sources */,
				620C4FC32385DBF6001500FE /* SceneDelegate.m in Sources */,
				40EB2FB124632FE80084985E /* SRDPollution.m in Sources */,
				40694A0E2463490200CD5081 /* SRDCountriesListViewController.swift in Sources */,
				40694A1224634C5300CD5081 /* SRDStatesListViewController.swift in Sources */,
				40694A1424634C5A00CD5081 /* SRDCitiesListViewController.swift in Sources */,
			);
			runOnlyForDeploymentPostprocessing = 0;
		};
/* End PBXSourcesBuildPhase section */

/* Begin PBXVariantGroup section */
		620C4FCC2385DBF9001500FE /* LaunchScreen.storyboard */ = {
			isa = PBXVariantGroup;
			children = (
				620C4FCD2385DBF9001500FE /* Base */,
			);
			name = LaunchScreen.storyboard;
			sourceTree = "<group>";
		};
/* End PBXVariantGroup section */

/* Begin XCBuildConfiguration section */
		620C4FD22385DBF9001500FE /* Debug */ = {
			isa = XCBuildConfiguration;
			buildSettings = {
				ALWAYS_SEARCH_USER_PATHS = NO;
				CLANG_ANALYZER_NONNULL = YES;
				CLANG_ANALYZER_NUMBER_OBJECT_CONVERSION = YES_AGGRESSIVE;
				CLANG_CXX_LANGUAGE_STANDARD = "gnu++14";
				CLANG_CXX_LIBRARY = "libc++";
				CLANG_ENABLE_MODULES = YES;
				CLANG_ENABLE_OBJC_ARC = YES;
				CLANG_ENABLE_OBJC_WEAK = YES;
				CLANG_WARN_BLOCK_CAPTURE_AUTORELEASING = YES;
				CLANG_WARN_BOOL_CONVERSION = YES;
				CLANG_WARN_COMMA = YES;
				CLANG_WARN_CONSTANT_CONVERSION = YES;
				CLANG_WARN_DEPRECATED_OBJC_IMPLEMENTATIONS = YES;
				CLANG_WARN_DIRECT_OBJC_ISA_USAGE = YES_ERROR;
				CLANG_WARN_DOCUMENTATION_COMMENTS = YES;
				CLANG_WARN_EMPTY_BODY = YES;
				CLANG_WARN_ENUM_CONVERSION = YES;
				CLANG_WARN_INFINITE_RECURSION = YES;
				CLANG_WARN_INT_CONVERSION = YES;
				CLANG_WARN_NON_LITERAL_NULL_CONVERSION = YES;
				CLANG_WARN_OBJC_IMPLICIT_RETAIN_SELF = YES;
				CLANG_WARN_OBJC_LITERAL_CONVERSION = YES;
				CLANG_WARN_OBJC_ROOT_CLASS = YES_ERROR;
				CLANG_WARN_RANGE_LOOP_ANALYSIS = YES;
				CLANG_WARN_STRICT_PROTOTYPES = YES;
				CLANG_WARN_SUSPICIOUS_MOVE = YES;
				CLANG_WARN_UNGUARDED_AVAILABILITY = YES_AGGRESSIVE;
				CLANG_WARN_UNREACHABLE_CODE = YES;
				CLANG_WARN__DUPLICATE_METHOD_MATCH = YES;
				COPY_PHASE_STRIP = NO;
				DEBUG_INFORMATION_FORMAT = dwarf;
				ENABLE_STRICT_OBJC_MSGSEND = YES;
				ENABLE_TESTABILITY = YES;
				GCC_C_LANGUAGE_STANDARD = gnu11;
				GCC_DYNAMIC_NO_PIC = NO;
				GCC_NO_COMMON_BLOCKS = YES;
				GCC_OPTIMIZATION_LEVEL = 0;
				GCC_PREPROCESSOR_DEFINITIONS = (
					"DEBUG=1",
					"$(inherited)",
				);
				GCC_WARN_64_TO_32_BIT_CONVERSION = YES;
				GCC_WARN_ABOUT_RETURN_TYPE = YES_ERROR;
				GCC_WARN_UNDECLARED_SELECTOR = YES;
				GCC_WARN_UNINITIALIZED_AUTOS = YES_AGGRESSIVE;
				GCC_WARN_UNUSED_FUNCTION = YES;
				GCC_WARN_UNUSED_VARIABLE = YES;
				IPHONEOS_DEPLOYMENT_TARGET = 13.2;
				MTL_ENABLE_DEBUG_INFO = INCLUDE_SOURCE;
				MTL_FAST_MATH = YES;
				ONLY_ACTIVE_ARCH = YES;
				SDKROOT = iphoneos;
			};
			name = Debug;
		};
		620C4FD32385DBF9001500FE /* Release */ = {
			isa = XCBuildConfiguration;
			buildSettings = {
				ALWAYS_SEARCH_USER_PATHS = NO;
				CLANG_ANALYZER_NONNULL = YES;
				CLANG_ANALYZER_NUMBER_OBJECT_CONVERSION = YES_AGGRESSIVE;
				CLANG_CXX_LANGUAGE_STANDARD = "gnu++14";
				CLANG_CXX_LIBRARY = "libc++";
				CLANG_ENABLE_MODULES = YES;
				CLANG_ENABLE_OBJC_ARC = YES;
				CLANG_ENABLE_OBJC_WEAK = YES;
				CLANG_WARN_BLOCK_CAPTURE_AUTORELEASING = YES;
				CLANG_WARN_BOOL_CONVERSION = YES;
				CLANG_WARN_COMMA = YES;
				CLANG_WARN_CONSTANT_CONVERSION = YES;
				CLANG_WARN_DEPRECATED_OBJC_IMPLEMENTATIONS = YES;
				CLANG_WARN_DIRECT_OBJC_ISA_USAGE = YES_ERROR;
				CLANG_WARN_DOCUMENTATION_COMMENTS = YES;
				CLANG_WARN_EMPTY_BODY = YES;
				CLANG_WARN_ENUM_CONVERSION = YES;
				CLANG_WARN_INFINITE_RECURSION = YES;
				CLANG_WARN_INT_CONVERSION = YES;
				CLANG_WARN_NON_LITERAL_NULL_CONVERSION = YES;
				CLANG_WARN_OBJC_IMPLICIT_RETAIN_SELF = YES;
				CLANG_WARN_OBJC_LITERAL_CONVERSION = YES;
				CLANG_WARN_OBJC_ROOT_CLASS = YES_ERROR;
				CLANG_WARN_RANGE_LOOP_ANALYSIS = YES;
				CLANG_WARN_STRICT_PROTOTYPES = YES;
				CLANG_WARN_SUSPICIOUS_MOVE = YES;
				CLANG_WARN_UNGUARDED_AVAILABILITY = YES_AGGRESSIVE;
				CLANG_WARN_UNREACHABLE_CODE = YES;
				CLANG_WARN__DUPLICATE_METHOD_MATCH = YES;
				COPY_PHASE_STRIP = NO;
				DEBUG_INFORMATION_FORMAT = "dwarf-with-dsym";
				ENABLE_NS_ASSERTIONS = NO;
				ENABLE_STRICT_OBJC_MSGSEND = YES;
				GCC_C_LANGUAGE_STANDARD = gnu11;
				GCC_NO_COMMON_BLOCKS = YES;
				GCC_WARN_64_TO_32_BIT_CONVERSION = YES;
				GCC_WARN_ABOUT_RETURN_TYPE = YES_ERROR;
				GCC_WARN_UNDECLARED_SELECTOR = YES;
				GCC_WARN_UNINITIALIZED_AUTOS = YES_AGGRESSIVE;
				GCC_WARN_UNUSED_FUNCTION = YES;
				GCC_WARN_UNUSED_VARIABLE = YES;
				IPHONEOS_DEPLOYMENT_TARGET = 13.2;
				MTL_ENABLE_DEBUG_INFO = NO;
				MTL_FAST_MATH = YES;
				SDKROOT = iphoneos;
				VALIDATE_PRODUCT = YES;
			};
			name = Release;
		};
		620C4FD52385DBF9001500FE /* Debug */ = {
			isa = XCBuildConfiguration;
			buildSettings = {
				ASSETCATALOG_COMPILER_APPICON_NAME = AppIcon;
				CLANG_ENABLE_MODULES = YES;
				CODE_SIGN_STYLE = Automatic;
				DEVELOPMENT_TEAM = H8C27D6HU3;
				INFOPLIST_FILE = "$(SRCROOT)/AirQuality ObjC/Resources/Info.plist";
				LD_RUNPATH_SEARCH_PATHS = (
					"$(inherited)",
					"@executable_path/Frameworks",
				);
				PRODUCT_BUNDLE_IDENTIFIER = "RG.AirQuality-ObjC";
				PRODUCT_NAME = "$(TARGET_NAME)";
				SWIFT_OBJC_BRIDGING_HEADER = "AirQuality ObjC/Resources/AirQuality ObjC-Bridging-Header.h";
				SWIFT_OPTIMIZATION_LEVEL = "-Onone";
				SWIFT_VERSION = 5.0;
				TARGETED_DEVICE_FAMILY = "1,2";
			};
			name = Debug;
		};
		620C4FD62385DBF9001500FE /* Release */ = {
			isa = XCBuildConfiguration;
			buildSettings = {
				ASSETCATALOG_COMPILER_APPICON_NAME = AppIcon;
				CLANG_ENABLE_MODULES = YES;
				CODE_SIGN_STYLE = Automatic;
				DEVELOPMENT_TEAM = H8C27D6HU3;
				INFOPLIST_FILE = "$(SRCROOT)/AirQuality ObjC/Resources/Info.plist";
				LD_RUNPATH_SEARCH_PATHS = (
					"$(inherited)",
					"@executable_path/Frameworks",
				);
				PRODUCT_BUNDLE_IDENTIFIER = "RG.AirQuality-ObjC";
				PRODUCT_NAME = "$(TARGET_NAME)";
				SWIFT_OBJC_BRIDGING_HEADER = "AirQuality ObjC/Resources/AirQuality ObjC-Bridging-Header.h";
				SWIFT_VERSION = 5.0;
				TARGETED_DEVICE_FAMILY = "1,2";
			};
			name = Release;
		};
/* End XCBuildConfiguration section */

/* Begin XCConfigurationList section */
		620C4FB62385DBF6001500FE /* Build configuration list for PBXProject "AirQuality ObjC" */ = {
			isa = XCConfigurationList;
			buildConfigurations = (
				620C4FD22385DBF9001500FE /* Debug */,
				620C4FD32385DBF9001500FE /* Release */,
			);
			defaultConfigurationIsVisible = 0;
			defaultConfigurationName = Release;
		};
		620C4FD42385DBF9001500FE /* Build configuration list for PBXNativeTarget "AirQuality ObjC" */ = {
			isa = XCConfigurationList;
			buildConfigurations = (
				620C4FD52385DBF9001500FE /* Debug */,
				620C4FD62385DBF9001500FE /* Release */,
			);
			defaultConfigurationIsVisible = 0;
			defaultConfigurationName = Release;
		};
/* End XCConfigurationList section */
	};
	rootObject = 620C4FB32385DBF6001500FE /* Project object */;
}
